
Microsoft Visual Studio Solution File, Format Version 12.00
# Visual Studio 14
VisualStudioVersion = 14.0.24720.0
MinimumVisualStudioVersion = 10.0.40219.1
Project("{151D2E53-A2C4-4D7D-83FE-D05416EBD58E}") = "RSG_Infrastructure", "RSG_Infrastructure\RSG_Infrastructure.deployproj", "{08DDDEB6-DF67-4CA8-8FA4-E27C2BAE0BDB}"
EndProject
Global
	GlobalSection(SolutionConfigurationPlatforms) = preSolution
		Debug|Any CPU = Debug|Any CPU
		Release|Any CPU = Release|Any CPU
	EndGlobalSection
	GlobalSection(ProjectConfigurationPlatforms) = postSolution
		{08DDDEB6-DF67-4CA8-8FA4-E27C2BAE0BDB}.Debug|Any CPU.ActiveCfg = Debug|Any CPU
		{08DDDEB6-DF67-4CA8-8FA4-E27C2BAE0BDB}.Debug|Any CPU.Build.0 = Debug|Any CPU
		{08DDDEB6-DF67-4CA8-8FA4-E27C2BAE0BDB}.Release|Any CPU.ActiveCfg = Release|Any CPU
		{08DDDEB6-DF67-4CA8-8FA4-E27C2BAE0BDB}.Release|Any CPU.Build.0 = Release|Any CPU
	EndGlobalSection
	GlobalSection(SolutionProperties) = preSolution
		HideSolutionNode = FALSE
	EndGlobalSection
EndGlobal
